# THIS IS AN AUTOGENERATED FILE. DO NOT EDIT THIS FILE DIRECTLY.
# yarn lockfile v1


"@types/bson@*":
  version "1.0.4"
  resolved "https://registry.yarnpkg.com/@types/bson/-/bson-1.0.4.tgz#94260b6b96fa459346959c9216799d8919e95d2b"
  dependencies:
    "@types/node" "*"

"@types/mongodb@*", "@types/mongodb@^2.2.11":
  version "2.2.11"
  resolved "https://registry.yarnpkg.com/@types/mongodb/-/mongodb-2.2.11.tgz#595cd869afa1c4cf6ee8935eb25a0783ab46e6aa"
  dependencies:
    "@types/bson" "*"
    "@types/node" "*"

"@types/mongoose@^4.7.21":
  version "4.7.21"
  resolved "https://registry.yarnpkg.com/@types/mongoose/-/mongoose-4.7.21.tgz#aea0363e01a64c33fda5a9e592d5d25734eca3ec"
  dependencies:
    "@types/mongodb" "*"
    "@types/node" "*"

"@types/node@*":
  version "8.0.28"
  resolved "https://registry.yarnpkg.com/@types/node/-/node-8.0.28.tgz#86206716f8d9251cf41692e384264cbd7058ad60"
